
Microsoft Visual Studio Solution File, Format Version 12.00
# Visual Studio Version 17
VisualStudioVersion = 17.2.32630.192
MinimumVisualStudioVersion = 10.0.40219.1
Project("{8BC9CEB8-8B4A-11D0-8D11-00A0C91BC942}") = "Templated_Inheritance", "Templated_Inheritance\Templated_Inheritance.vcxproj", "{4BAE1B20-A74F-43BA-8CF3-2EBB5F538C46}"
EndProject
Project("{8BC9CEB8-8B4A-11D0-8D11-00A0C91BC942}") = "Model_View_Controller_(MVC)", "Model_View_Controller_(MVC)\Model_View_Controller_(MVC).vcxproj", "{854060CB-F0B7-457E-B1F1-D11E84450F60}"
EndProject
Project("{8BC9CEB8-8B4A-11D0-8D11-00A0C91BC942}") = "FunctionWrapper", "FunctionWrapper\FunctionWrapper.vcxproj", "{8F24109F-712F-4087-B205-6CA0EAA71407}"
EndProject
Project("{8BC9CEB8-8B4A-11D0-8D11-00A0C91BC942}") = "OpaqueHandle", "OpaqueHandle\OpaqueHandle.vcxproj", "{25841921-0EB7-4367-A521-FC96F2112290}"
EndProject
Project("{8BC9CEB8-8B4A-11D0-8D11-00A0C91BC942}") = "Commands", "Commands\Commands.vcxproj", "{80C6F613-9937-4432-9F73-B8DAE6463DB5}"
EndProject
Project("{8BC9CEB8-8B4A-11D0-8D11-00A0C91BC942}") = "ServiceLocator", "ServiceLocator\ServiceLocator.vcxproj", "{2BA99B7C-A658-4DE4-9DF2-5065BB0BDD92}"
EndProject
Project("{8BC9CEB8-8B4A-11D0-8D11-00A0C91BC942}") = "TemplatedCommands", "TemplatedCommands\TemplatedCommands.vcxproj", "{FAEFD989-A6EB-4FA8-B4BF-81F2F686AA1F}"
EndProject
Project("{8BC9CEB8-8B4A-11D0-8D11-00A0C91BC942}") = "Singleton", "Singleton\Singleton.vcxproj", "{C2904CD9-ED7A-4C60-A5C0-3180F11A8EB8}"
EndProject
Project("{8BC9CEB8-8B4A-11D0-8D11-00A0C91BC942}") = "IJobForEach", "IJobForEach\IJobForEach.vcxproj", "{94BD98FB-58A6-492A-9CF2-98C359F5A50E}"
EndProject
Project("{8BC9CEB8-8B4A-11D0-8D11-00A0C91BC942}") = "UUID", "UUID\UUID.vcxproj", "{61DC8147-E415-4D74-B8FF-E8DE08F8FF1B}"
EndProject
Project("{8BC9CEB8-8B4A-11D0-8D11-00A0C91BC942}") = "SparseVector", "SparseVector\SparseVector.vcxproj", "{11213E8A-1D60-4F7E-9FD7-25FD21F826B3}"
EndProject
Project("{8BC9CEB8-8B4A-11D0-8D11-00A0C91BC942}") = "Archetype", "Archetype\Archetype.vcxproj", "{36C93F4C-37D7-4B38-971F-57D8B5588B35}"
EndProject
Project("{8BC9CEB8-8B4A-11D0-8D11-00A0C91BC942}") = "Building_an_ECS", "Building_an_ECS\Building_an_ECS.vcxproj", "{F32C4BE7-17EC-40DD-A635-A20EAC9E8402}"
EndProject
Project("{8BC9CEB8-8B4A-11D0-8D11-00A0C91BC942}") = "Optional", "Optional\Optional.vcxproj", "{568767C8-9138-4C5D-9350-734923C54C7D}"
EndProject
Project("{8BC9CEB8-8B4A-11D0-8D11-00A0C91BC942}") = "ConcurrentEventQueue", "ConcurrentEventQueue\ConcurrentEventQueue.vcxproj", "{6585BD4F-0788-4173-AB99-7E964DB46724}"
EndProject
Project("{8BC9CEB8-8B4A-11D0-8D11-00A0C91BC942}") = "SharedPointer", "SharedPointer\SharedPointer.vcxproj", "{13E059B2-7E4F-4C40-A709-B00861940212}"
EndProject
Project("{8BC9CEB8-8B4A-11D0-8D11-00A0C91BC942}") = "EventSystem", "EventSystem\EventSystem.vcxproj", "{47271211-5AB1-4892-8192-824DD481761E}"
EndProject
Global
	GlobalSection(SolutionConfigurationPlatforms) = preSolution
		Debug|x64 = Debug|x64
		Debug|x86 = Debug|x86
		Release|x64 = Release|x64
		Release|x86 = Release|x86
	EndGlobalSection
	GlobalSection(ProjectConfigurationPlatforms) = postSolution
		{4BAE1B20-A74F-43BA-8CF3-2EBB5F538C46}.Debug|x64.ActiveCfg = Debug|x64
		{4BAE1B20-A74F-43BA-8CF3-2EBB5F538C46}.Debug|x64.Build.0 = Debug|x64
		{4BAE1B20-A74F-43BA-8CF3-2EBB5F538C46}.Debug|x86.ActiveCfg = Debug|Win32
		{4BAE1B20-A74F-43BA-8CF3-2EBB5F538C46}.Debug|x86.Build.0 = Debug|Win32
		{4BAE1B20-A74F-43BA-8CF3-2EBB5F538C46}.Release|x64.ActiveCfg = Release|x64
		{4BAE1B20-A74F-43BA-8CF3-2EBB5F538C46}.Release|x64.Build.0 = Release|x64
		{4BAE1B20-A74F-43BA-8CF3-2EBB5F538C46}.Release|x86.ActiveCfg = Release|Win32
		{4BAE1B20-A74F-43BA-8CF3-2EBB5F538C46}.Release|x86.Build.0 = Release|Win32
		{854060CB-F0B7-457E-B1F1-D11E84450F60}.Debug|x64.ActiveCfg = Debug|x64
		{854060CB-F0B7-457E-B1F1-D11E84450F60}.Debug|x64.Build.0 = Debug|x64
		{854060CB-F0B7-457E-B1F1-D11E84450F60}.Debug|x86.ActiveCfg = Debug|Win32
		{854060CB-F0B7-457E-B1F1-D11E84450F60}.Debug|x86.Build.0 = Debug|Win32
		{854060CB-F0B7-457E-B1F1-D11E84450F60}.Release|x64.ActiveCfg = Release|x64
		{854060CB-F0B7-457E-B1F1-D11E84450F60}.Release|x64.Build.0 = Release|x64
		{854060CB-F0B7-457E-B1F1-D11E84450F60}.Release|x86.ActiveCfg = Release|Win32
		{854060CB-F0B7-457E-B1F1-D11E84450F60}.Release|x86.Build.0 = Release|Win32
		{8F24109F-712F-4087-B205-6CA0EAA71407}.Debug|x64.ActiveCfg = Debug|x64
		{8F24109F-712F-4087-B205-6CA0EAA71407}.Debug|x64.Build.0 = Debug|x64
		{8F24109F-712F-4087-B205-6CA0EAA71407}.Debug|x86.ActiveCfg = Debug|Win32
		{8F24109F-712F-4087-B205-6CA0EAA71407}.Debug|x86.Build.0 = Debug|Win32
		{8F24109F-712F-4087-B205-6CA0EAA71407}.Release|x64.ActiveCfg = Release|x64
		{8F24109F-712F-4087-B205-6CA0EAA71407}.Release|x64.Build.0 = Release|x64
		{8F24109F-712F-4087-B205-6CA0EAA71407}.Release|x86.ActiveCfg = Release|Win32
		{8F24109F-712F-4087-B205-6CA0EAA71407}.Release|x86.Build.0 = Release|Win32
		{25841921-0EB7-4367-A521-FC96F2112290}.Debug|x64.ActiveCfg = Debug|x64
		{25841921-0EB7-4367-A521-FC96F2112290}.Debug|x64.Build.0 = Debug|x64
		{25841921-0EB7-4367-A521-FC96F2112290}.Debug|x86.ActiveCfg = Debug|Win32
		{25841921-0EB7-4367-A521-FC96F2112290}.Debug|x86.Build.0 = Debug|Win32
		{25841921-0EB7-4367-A521-FC96F2112290}.Release|x64.ActiveCfg = Release|x64
		{25841921-0EB7-4367-A521-FC96F2112290}.Release|x64.Build.0 = Release|x64
		{25841921-0EB7-4367-A521-FC96F2112290}.Release|x86.ActiveCfg = Release|Win32
		{25841921-0EB7-4367-A521-FC96F2112290}.Release|x86.Build.0 = Release|Win32
		{80C6F613-9937-4432-9F73-B8DAE6463DB5}.Debug|x64.ActiveCfg = Debug|x64
		{80C6F613-9937-4432-9F73-B8DAE6463DB5}.Debug|x64.Build.0 = Debug|x64
		{80C6F613-9937-4432-9F73-B8DAE6463DB5}.Debug|x86.ActiveCfg = Debug|Win32
		{80C6F613-9937-4432-9F73-B8DAE6463DB5}.Debug|x86.Build.0 = Debug|Win32
		{80C6F613-9937-4432-9F73-B8DAE6463DB5}.Release|x64.ActiveCfg = Release|x64
		{80C6F613-9937-4432-9F73-B8DAE6463DB5}.Release|x64.Build.0 = Release|x64
		{80C6F613-9937-4432-9F73-B8DAE6463DB5}.Release|x86.ActiveCfg = Release|Win32
		{80C6F613-9937-4432-9F73-B8DAE6463DB5}.Release|x86.Build.0 = Release|Win32
		{2BA99B7C-A658-4DE4-9DF2-5065BB0BDD92}.Debug|x64.ActiveCfg = Debug|x64
		{2BA99B7C-A658-4DE4-9DF2-5065BB0BDD92}.Debug|x64.Build.0 = Debug|x64
		{2BA99B7C-A658-4DE4-9DF2-5065BB0BDD92}.Debug|x86.ActiveCfg = Debug|Win32
		{2BA99B7C-A658-4DE4-9DF2-5065BB0BDD92}.Debug|x86.Build.0 = Debug|Win32
		{2BA99B7C-A658-4DE4-9DF2-5065BB0BDD92}.Release|x64.ActiveCfg = Release|x64
		{2BA99B7C-A658-4DE4-9DF2-5065BB0BDD92}.Release|x64.Build.0 = Release|x64
		{2BA99B7C-A658-4DE4-9DF2-5065BB0BDD92}.Release|x86.ActiveCfg = Release|Win32
		{2BA99B7C-A658-4DE4-9DF2-5065BB0BDD92}.Release|x86.Build.0 = Release|Win32
		{FAEFD989-A6EB-4FA8-B4BF-81F2F686AA1F}.Debug|x64.ActiveCfg = Debug|x64
		{FAEFD989-A6EB-4FA8-B4BF-81F2F686AA1F}.Debug|x64.Build.0 = Debug|x64
		{FAEFD989-A6EB-4FA8-B4BF-81F2F686AA1F}.Debug|x86.ActiveCfg = Debug|Win32
		{FAEFD989-A6EB-4FA8-B4BF-81F2F686AA1F}.Debug|x86.Build.0 = Debug|Win32
		{FAEFD989-A6EB-4FA8-B4BF-81F2F686AA1F}.Release|x64.ActiveCfg = Release|x64
		{FAEFD989-A6EB-4FA8-B4BF-81F2F686AA1F}.Release|x64.Build.0 = Release|x64
		{FAEFD989-A6EB-4FA8-B4BF-81F2F686AA1F}.Release|x86.ActiveCfg = Release|Win32
		{FAEFD989-A6EB-4FA8-B4BF-81F2F686AA1F}.Release|x86.Build.0 = Release|Win32
		{C2904CD9-ED7A-4C60-A5C0-3180F11A8EB8}.Debug|x64.ActiveCfg = Debug|x64
		{C2904CD9-ED7A-4C60-A5C0-3180F11A8EB8}.Debug|x64.Build.0 = Debug|x64
		{C2904CD9-ED7A-4C60-A5C0-3180F11A8EB8}.Debug|x86.ActiveCfg = Debug|Win32
		{C2904CD9-ED7A-4C60-A5C0-3180F11A8EB8}.Debug|x86.Build.0 = Debug|Win32
		{C2904CD9-ED7A-4C60-A5C0-3180F11A8EB8}.Release|x64.ActiveCfg = Release|x64
		{C2904CD9-ED7A-4C60-A5C0-3180F11A8EB8}.Release|x64.Build.0 = Release|x64
		{C2904CD9-ED7A-4C60-A5C0-3180F11A8EB8}.Release|x86.ActiveCfg = Release|Win32
		{C2904CD9-ED7A-4C60-A5C0-3180F11A8EB8}.Release|x86.Build.0 = Release|Win32
		{94BD98FB-58A6-492A-9CF2-98C359F5A50E}.Debug|x64.ActiveCfg = Debug|x64
		{94BD98FB-58A6-492A-9CF2-98C359F5A50E}.Debug|x64.Build.0 = Debug|x64
		{94BD98FB-58A6-492A-9CF2-98C359F5A50E}.Debug|x86.ActiveCfg = Debug|Win32
		{94BD98FB-58A6-492A-9CF2-98C359F5A50E}.Debug|x86.Build.0 = Debug|Win32
		{94BD98FB-58A6-492A-9CF2-98C359F5A50E}.Release|x64.ActiveCfg = Release|x64
		{94BD98FB-58A6-492A-9CF2-98C359F5A50E}.Release|x64.Build.0 = Release|x64
		{94BD98FB-58A6-492A-9CF2-98C359F5A50E}.Release|x86.ActiveCfg = Release|Win32
		{94BD98FB-58A6-492A-9CF2-98C359F5A50E}.Release|x86.Build.0 = Release|Win32
		{61DC8147-E415-4D74-B8FF-E8DE08F8FF1B}.Debug|x64.ActiveCfg = Debug|x64
		{61DC8147-E415-4D74-B8FF-E8DE08F8FF1B}.Debug|x64.Build.0 = Debug|x64
		{61DC8147-E415-4D74-B8FF-E8DE08F8FF1B}.Debug|x86.ActiveCfg = Debug|Win32
		{61DC8147-E415-4D74-B8FF-E8DE08F8FF1B}.Debug|x86.Build.0 = Debug|Win32
		{61DC8147-E415-4D74-B8FF-E8DE08F8FF1B}.Release|x64.ActiveCfg = Release|x64
		{61DC8147-E415-4D74-B8FF-E8DE08F8FF1B}.Release|x64.Build.0 = Release|x64
		{61DC8147-E415-4D74-B8FF-E8DE08F8FF1B}.Release|x86.ActiveCfg = Release|Win32
		{61DC8147-E415-4D74-B8FF-E8DE08F8FF1B}.Release|x86.Build.0 = Release|Win32
		{11213E8A-1D60-4F7E-9FD7-25FD21F826B3}.Debug|x64.ActiveCfg = Debug|x64
		{11213E8A-1D60-4F7E-9FD7-25FD21F826B3}.Debug|x64.Build.0 = Debug|x64
		{11213E8A-1D60-4F7E-9FD7-25FD21F826B3}.Debug|x86.ActiveCfg = Debug|Win32
		{11213E8A-1D60-4F7E-9FD7-25FD21F826B3}.Debug|x86.Build.0 = Debug|Win32
		{11213E8A-1D60-4F7E-9FD7-25FD21F826B3}.Release|x64.ActiveCfg = Release|x64
		{11213E8A-1D60-4F7E-9FD7-25FD21F826B3}.Release|x64.Build.0 = Release|x64
		{11213E8A-1D60-4F7E-9FD7-25FD21F826B3}.Release|x86.ActiveCfg = Release|Win32
		{11213E8A-1D60-4F7E-9FD7-25FD21F826B3}.Release|x86.Build.0 = Release|Win32
		{36C93F4C-37D7-4B38-971F-57D8B5588B35}.Debug|x64.ActiveCfg = Debug|x64
		{36C93F4C-37D7-4B38-971F-57D8B5588B35}.Debug|x64.Build.0 = Debug|x64
		{36C93F4C-37D7-4B38-971F-57D8B5588B35}.Debug|x86.ActiveCfg = Debug|Win32
		{36C93F4C-37D7-4B38-971F-57D8B5588B35}.Debug|x86.Build.0 = Debug|Win32
		{36C93F4C-37D7-4B38-971F-57D8B5588B35}.Release|x64.ActiveCfg = Release|x64
		{36C93F4C-37D7-4B38-971F-57D8B5588B35}.Release|x64.Build.0 = Release|x64
		{36C93F4C-37D7-4B38-971F-57D8B5588B35}.Release|x86.ActiveCfg = Release|Win32
		{36C93F4C-37D7-4B38-971F-57D8B5588B35}.Release|x86.Build.0 = Release|Win32
		{F32C4BE7-17EC-40DD-A635-A20EAC9E8402}.Debug|x64.ActiveCfg = Debug|x64
		{F32C4BE7-17EC-40DD-A635-A20EAC9E8402}.Debug|x64.Build.0 = Debug|x64
		{F32C4BE7-17EC-40DD-A635-A20EAC9E8402}.Debug|x86.ActiveCfg = Debug|Win32
		{F32C4BE7-17EC-40DD-A635-A20EAC9E8402}.Debug|x86.Build.0 = Debug|Win32
		{F32C4BE7-17EC-40DD-A635-A20EAC9E8402}.Release|x64.ActiveCfg = Release|x64
		{F32C4BE7-17EC-40DD-A635-A20EAC9E8402}.Release|x64.Build.0 = Release|x64
		{F32C4BE7-17EC-40DD-A635-A20EAC9E8402}.Release|x86.ActiveCfg = Release|Win32
		{F32C4BE7-17EC-40DD-A635-A20EAC9E8402}.Release|x86.Build.0 = Release|Win32
		{568767C8-9138-4C5D-9350-734923C54C7D}.Debug|x64.ActiveCfg = Debug|x64
		{568767C8-9138-4C5D-9350-734923C54C7D}.Debug|x64.Build.0 = Debug|x64
		{568767C8-9138-4C5D-9350-734923C54C7D}.Debug|x86.ActiveCfg = Debug|Win32
		{568767C8-9138-4C5D-9350-734923C54C7D}.Debug|x86.Build.0 = Debug|Win32
		{568767C8-9138-4C5D-9350-734923C54C7D}.Release|x64.ActiveCfg = Release|x64
		{568767C8-9138-4C5D-9350-734923C54C7D}.Release|x64.Build.0 = Release|x64
		{568767C8-9138-4C5D-9350-734923C54C7D}.Release|x86.ActiveCfg = Release|Win32
		{568767C8-9138-4C5D-9350-734923C54C7D}.Release|x86.Build.0 = Release|Win32
		{6585BD4F-0788-4173-AB99-7E964DB46724}.Debug|x64.ActiveCfg = Debug|x64
		{6585BD4F-0788-4173-AB99-7E964DB46724}.Debug|x64.Build.0 = Debug|x64
		{6585BD4F-0788-4173-AB99-7E964DB46724}.Debug|x86.ActiveCfg = Debug|Win32
		{6585BD4F-0788-4173-AB99-7E964DB46724}.Debug|x86.Build.0 = Debug|Win32
		{6585BD4F-0788-4173-AB99-7E964DB46724}.Release|x64.ActiveCfg = Release|x64
		{6585BD4F-0788-4173-AB99-7E964DB46724}.Release|x64.Build.0 = Release|x64
		{6585BD4F-0788-4173-AB99-7E964DB46724}.Release|x86.ActiveCfg = Release|Win32
		{6585BD4F-0788-4173-AB99-7E964DB46724}.Release|x86.Build.0 = Release|Win32
		{13E059B2-7E4F-4C40-A709-B00861940212}.Debug|x64.ActiveCfg = Debug|x64
		{13E059B2-7E4F-4C40-A709-B00861940212}.Debug|x64.Build.0 = Debug|x64
		{13E059B2-7E4F-4C40-A709-B00861940212}.Debug|x86.ActiveCfg = Debug|Win32
		{13E059B2-7E4F-4C40-A709-B00861940212}.Debug|x86.Build.0 = Debug|Win32
		{13E059B2-7E4F-4C40-A709-B00861940212}.Release|x64.ActiveCfg = Release|x64
		{13E059B2-7E4F-4C40-A709-B00861940212}.Release|x64.Build.0 = Release|x64
		{13E059B2-7E4F-4C40-A709-B00861940212}.Release|x86.ActiveCfg = Release|Win32
		{13E059B2-7E4F-4C40-A709-B00861940212}.Release|x86.Build.0 = Release|Win32
		{47271211-5AB1-4892-8192-824DD481761E}.Debug|x64.ActiveCfg = Debug|x64
		{47271211-5AB1-4892-8192-824DD481761E}.Debug|x64.Build.0 = Debug|x64
		{47271211-5AB1-4892-8192-824DD481761E}.Debug|x86.ActiveCfg = Debug|Win32
		{47271211-5AB1-4892-8192-824DD481761E}.Debug|x86.Build.0 = Debug|Win32
		{47271211-5AB1-4892-8192-824DD481761E}.Release|x64.ActiveCfg = Release|x64
		{47271211-5AB1-4892-8192-824DD481761E}.Release|x64.Build.0 = Release|x64
		{47271211-5AB1-4892-8192-824DD481761E}.Release|x86.ActiveCfg = Release|Win32
		{47271211-5AB1-4892-8192-824DD481761E}.Release|x86.Build.0 = Release|Win32
	EndGlobalSection
	GlobalSection(SolutionProperties) = preSolution
		HideSolutionNode = FALSE
	EndGlobalSection
	GlobalSection(ExtensibilityGlobals) = postSolution
		SolutionGuid = {61EFD53B-ACAA-4425-AC51-32FAE1F1975E}
	EndGlobalSection
EndGlobal
